
Microsoft Visual Studio Solution File, Format Version 12.00
# Visual Studio 2012
Project("{FAE04EC0-301F-11D3-BF4B-00C04F79EFBC}") = "Xamarin-Forms-Multipeer-Chat", "Xamarin-Forms-Multipeer-Chat\Xamarin-Forms-Multipeer-Chat.csproj", "{9F457CB2-AED6-4859-8628-82C3E5245B7F}"
EndProject
Project("{FAE04EC0-301F-11D3-BF4B-00C04F79EFBC}") = "Xamarin-Forms-Multipeer-Chat.iOS", "iOS\Xamarin-Forms-Multipeer-Chat.iOS.csproj", "{C1C9DCFD-CC07-4501-B182-5322FB26EF95}"
EndProject
Global
	GlobalSection(SolutionConfigurationPlatforms) = preSolution
		Debug|Any CPU = Debug|Any CPU
		Release|Any CPU = Release|Any CPU
		Debug|iPhoneSimulator = Debug|iPhoneSimulator
		Release|iPhoneSimulator = Release|iPhoneSimulator
		Debug|iPhone = Debug|iPhone
		Release|iPhone = Release|iPhone
		Ad-Hoc|iPhone = Ad-Hoc|iPhone
		AppStore|iPhone = AppStore|iPhone
	EndGlobalSection
	GlobalSection(ProjectConfigurationPlatforms) = postSolution
		{9F457CB2-AED6-4859-8628-82C3E5245B7F}.Ad-Hoc|iPhone.ActiveCfg = Debug|Any CPU
		{9F457CB2-AED6-4859-8628-82C3E5245B7F}.Ad-Hoc|iPhone.Build.0 = Debug|Any CPU
		{9F457CB2-AED6-4859-8628-82C3E5245B7F}.AppStore|iPhone.ActiveCfg = Debug|Any CPU
		{9F457CB2-AED6-4859-8628-82C3E5245B7F}.AppStore|iPhone.Build.0 = Debug|Any CPU
		{9F457CB2-AED6-4859-8628-82C3E5245B7F}.Debug|Any CPU.ActiveCfg = Debug|Any CPU
		{9F457CB2-AED6-4859-8628-82C3E5245B7F}.Debug|Any CPU.Build.0 = Debug|Any CPU
		{9F457CB2-AED6-4859-8628-82C3E5245B7F}.Debug|iPhone.ActiveCfg = Debug|Any CPU
		{9F457CB2-AED6-4859-8628-82C3E5245B7F}.Debug|iPhone.Build.0 = Debug|Any CPU
		{9F457CB2-AED6-4859-8628-82C3E5245B7F}.Debug|iPhoneSimulator.ActiveCfg = Debug|Any CPU
		{9F457CB2-AED6-4859-8628-82C3E5245B7F}.Debug|iPhoneSimulator.Build.0 = Debug|Any CPU
		{9F457CB2-AED6-4859-8628-82C3E5245B7F}.Release|Any CPU.ActiveCfg = Release|Any CPU
		{9F457CB2-AED6-4859-8628-82C3E5245B7F}.Release|Any CPU.Build.0 = Release|Any CPU
		{9F457CB2-AED6-4859-8628-82C3E5245B7F}.Release|iPhone.ActiveCfg = Release|Any CPU
		{9F457CB2-AED6-4859-8628-82C3E5245B7F}.Release|iPhone.Build.0 = Release|Any CPU
		{9F457CB2-AED6-4859-8628-82C3E5245B7F}.Release|iPhoneSimulator.ActiveCfg = Release|Any CPU
		{9F457CB2-AED6-4859-8628-82C3E5245B7F}.Release|iPhoneSimulator.Build.0 = Release|Any CPU
		{C1C9DCFD-CC07-4501-B182-5322FB26EF95}.Ad-Hoc|iPhone.ActiveCfg = Ad-Hoc|iPhone
		{C1C9DCFD-CC07-4501-B182-5322FB26EF95}.Ad-Hoc|iPhone.Build.0 = Ad-Hoc|iPhone
		{C1C9DCFD-CC07-4501-B182-5322FB26EF95}.AppStore|iPhone.ActiveCfg = AppStore|iPhone
		{C1C9DCFD-CC07-4501-B182-5322FB26EF95}.AppStore|iPhone.Build.0 = AppStore|iPhone
		{C1C9DCFD-CC07-4501-B182-5322FB26EF95}.Debug|Any CPU.ActiveCfg = Debug|iPhoneSimulator
		{C1C9DCFD-CC07-4501-B182-5322FB26EF95}.Debug|Any CPU.Build.0 = Debug|iPhoneSimulator
		{C1C9DCFD-CC07-4501-B182-5322FB26EF95}.Debug|iPhone.ActiveCfg = Debug|iPhone
		{C1C9DCFD-CC07-4501-B182-5322FB26EF95}.Debug|iPhone.Build.0 = Debug|iPhone
		{C1C9DCFD-CC07-4501-B182-5322FB26EF95}.Debug|iPhoneSimulator.ActiveCfg = Debug|iPhoneSimulator
		{C1C9DCFD-CC07-4501-B182-5322FB26EF95}.Debug|iPhoneSimulator.Build.0 = Debug|iPhoneSimulator
		{C1C9DCFD-CC07-4501-B182-5322FB26EF95}.Release|Any CPU.ActiveCfg = Release|iPhoneSimulator
		{C1C9DCFD-CC07-4501-B182-5322FB26EF95}.Release|Any CPU.Build.0 = Release|iPhoneSimulator
		{C1C9DCFD-CC07-4501-B182-5322FB26EF95}.Release|iPhone.ActiveCfg = Release|iPhone
		{C1C9DCFD-CC07-4501-B182-5322FB26EF95}.Release|iPhone.Build.0 = Release|iPhone
		{C1C9DCFD-CC07-4501-B182-5322FB26EF95}.Release|iPhoneSimulator.ActiveCfg = Release|iPhoneSimulator
		{C1C9DCFD-CC07-4501-B182-5322FB26EF95}.Release|iPhoneSimulator.Build.0 = Release|iPhoneSimulator
	EndGlobalSection
	GlobalSection(MonoDevelopProperties) = preSolution
		StartupItem = Xamarin-Forms-Multipeer-Chat\Xamarin-Forms-Multipeer-Chat.csproj
	EndGlobalSection
EndGlobal
